
Microsoft Visual Studio Solution File, Format Version 12.00
# Visual Studio Version 17
VisualStudioVersion = 17.9.34701.34
MinimumVisualStudioVersion = 10.0.40219.1
Project("{FAE04EC0-301F-11D3-BF4B-00C04F79EFBC}") = "namasdev.Data", "namasdev.Data\namasdev.Data.csproj", "{7EF93F78-E712-47F9-82CE-9F67346A174D}"
EndProject
Project("{FAE04EC0-301F-11D3-BF4B-00C04F79EFBC}") = "namasdev.Data.UnitTests", "namasdev.Data.UnitTests\namasdev.Data.UnitTests.csproj", "{1F4E9FFC-38F1-4D40-A649-BCCF1485794D}"
EndProject
Global
	GlobalSection(SolutionConfigurationPlatforms) = preSolution
		Debug|Any CPU = Debug|Any CPU
		Release|Any CPU = Release|Any CPU
	EndGlobalSection
	GlobalSection(ProjectConfigurationPlatforms) = postSolution
		{7EF93F78-E712-47F9-82CE-9F67346A174D}.Debug|Any CPU.ActiveCfg = Debug|Any CPU
		{7EF93F78-E712-47F9-82CE-9F67346A174D}.Debug|Any CPU.Build.0 = Debug|Any CPU
		{7EF93F78-E712-47F9-82CE-9F67346A174D}.Release|Any CPU.ActiveCfg = Release|Any CPU
		{7EF93F78-E712-47F9-82CE-9F67346A174D}.Release|Any CPU.Build.0 = Release|Any CPU
		{1F4E9FFC-38F1-4D40-A649-BCCF1485794D}.Debug|Any CPU.ActiveCfg = Debug|Any CPU
		{1F4E9FFC-38F1-4D40-A649-BCCF1485794D}.Debug|Any CPU.Build.0 = Debug|Any CPU
		{1F4E9FFC-38F1-4D40-A649-BCCF1485794D}.Release|Any CPU.ActiveCfg = Release|Any CPU
		{1F4E9FFC-38F1-4D40-A649-BCCF1485794D}.Release|Any CPU.Build.0 = Release|Any CPU
	EndGlobalSection
	GlobalSection(SolutionProperties) = preSolution
		HideSolutionNode = FALSE
	EndGlobalSection
	GlobalSection(ExtensibilityGlobals) = postSolution
		SolutionGuid = {7F4FE888-8156-4113-99FB-FB10FAF29FF7}
	EndGlobalSection
EndGlobal
